lockfileVersion: '6.0'

settings:
  autoInstallPeers: true
  excludeLinksFromLockfile: false

dependencies:
  csv-parse:
    specifier: ^5.5.5
    version: 5.5.5
  csv-parser:
    specifier: ^3.0.0
    version: 3.0.0
  kafkajs:
    specifier: ^2.2.4
    version: 2.2.4

packages:

  /csv-parse@5.5.5:
    resolution: {integrity: sha512-erCk7tyU3yLWAhk6wvKxnyPtftuy/6Ak622gOO7BCJ05+TYffnPCJF905wmOQm+BpkX54OdAl8pveJwUdpnCXQ==}
    dev: false

  /csv-parser@3.0.0:
    resolution: {integrity: sha512-s6OYSXAK3IdKqYO33y09jhypG/bSDHPuyCme/IdEHfWpLf/jKcpitVFyOC6UemgGk8v7Q5u2XE0vvwmanxhGlQ==}
    engines: {node: '>= 10'}
    hasBin: true
    dependencies:
      minimist: 1.2.8
    dev: false

  /kafkajs@2.2.4:
    resolution: {integrity: sha512-j/YeapB1vfPT2iOIUn/vxdyKEuhuY2PxMBvf5JWux6iSaukAccrMtXEY/Lb7OvavDhOWME589bpLrEdnVHjfjA==}
    engines: {node: '>=14.0.0'}
    dev: false

  /minimist@1.2.8:
    resolution: {integrity: sha512-2yyAR8qBkN3YuheJanUpWC5U3bb5osDywNB8RzDVlDwDHbocAJveqqj1u8+SVD7jkWT4yvsHCpWqqWqAxb0zCA==}
    dev: false
